
Microsoft Visual Studio Solution File, Format Version 12.00
# Visual Studio 15
Project("{FAE04EC0-301F-11D3-BF4B-00C04F79EFBC}") = "Assembly-CSharp", "Assembly-CSharp.csproj", "{AD1DC23F-93F1-ED0A-80F5-A5A970296A95}"
EndProject
Project("{FAE04EC0-301F-11D3-BF4B-00C04F79EFBC}") = "Assembly-CSharp-Editor", "Assembly-CSharp-Editor.csproj", "{48119D6C-B4AC-C5C9-53DE-19B1256B62C2}"
EndProject
Global
	GlobalSection(SolutionConfigurationPlatforms) = preSolution
		Debug|Any CPU = Debug|Any CPU
		Release|Any CPU = Release|Any CPU
	EndGlobalSection
	GlobalSection(ProjectConfigurationPlatforms) = postSolution
		{AD1DC23F-93F1-ED0A-80F5-A5A970296A95}.Debug|Any CPU.ActiveCfg = Debug|Any CPU
		{AD1DC23F-93F1-ED0A-80F5-A5A970296A95}.Debug|Any CPU.Build.0 = Debug|Any CPU
		{AD1DC23F-93F1-ED0A-80F5-A5A970296A95}.Release|Any CPU.ActiveCfg = Release|Any CPU
		{AD1DC23F-93F1-ED0A-80F5-A5A970296A95}.Release|Any CPU.Build.0 = Release|Any CPU
		{48119D6C-B4AC-C5C9-53DE-19B1256B62C2}.Debug|Any CPU.ActiveCfg = Debug|Any CPU
		{48119D6C-B4AC-C5C9-53DE-19B1256B62C2}.Debug|Any CPU.Build.0 = Debug|Any CPU
		{48119D6C-B4AC-C5C9-53DE-19B1256B62C2}.Release|Any CPU.ActiveCfg = Release|Any CPU
		{48119D6C-B4AC-C5C9-53DE-19B1256B62C2}.Release|Any CPU.Build.0 = Release|Any CPU
	EndGlobalSection
	GlobalSection(SolutionProperties) = preSolution
		HideSolutionNode = FALSE
	EndGlobalSection
EndGlobal
